
Microsoft Visual Studio Solution File, Format Version 12.00
# Visual Studio 15
VisualStudioVersion = 15.0.26730.12
MinimumVisualStudioVersion = 10.0.40219.1
Project("{9A19103F-16F7-4668-BE54-9A1E7A4F7556}") = "Antara.Data.Binary", "Antara.Data.Binary\Antara.Data.Binary.csproj", "{3B0C78F6-D0F3-4884-AF32-EAA3ED4F203D}"
EndProject
Project("{FAE04EC0-301F-11D3-BF4B-00C04F79EFBC}") = "Antara.Data.Binary.Test", "Antara.Data.Binary.Test\Antara.Data.Binary.Test.csproj", "{5606FC9A-3425-4DF7-8D03-4D2376428887}"
EndProject
Global
	GlobalSection(SolutionConfigurationPlatforms) = preSolution
		Debug|Any CPU = Debug|Any CPU
		Release|Any CPU = Release|Any CPU
	EndGlobalSection
	GlobalSection(ProjectConfigurationPlatforms) = postSolution
		{3B0C78F6-D0F3-4884-AF32-EAA3ED4F203D}.Debug|Any CPU.ActiveCfg = Debug|Any CPU
		{3B0C78F6-D0F3-4884-AF32-EAA3ED4F203D}.Debug|Any CPU.Build.0 = Debug|Any CPU
		{3B0C78F6-D0F3-4884-AF32-EAA3ED4F203D}.Release|Any CPU.ActiveCfg = Release|Any CPU
		{3B0C78F6-D0F3-4884-AF32-EAA3ED4F203D}.Release|Any CPU.Build.0 = Release|Any CPU
		{5606FC9A-3425-4DF7-8D03-4D2376428887}.Debug|Any CPU.ActiveCfg = Debug|Any CPU
		{5606FC9A-3425-4DF7-8D03-4D2376428887}.Debug|Any CPU.Build.0 = Debug|Any CPU
		{5606FC9A-3425-4DF7-8D03-4D2376428887}.Release|Any CPU.ActiveCfg = Release|Any CPU
		{5606FC9A-3425-4DF7-8D03-4D2376428887}.Release|Any CPU.Build.0 = Release|Any CPU
	EndGlobalSection
	GlobalSection(SolutionProperties) = preSolution
		HideSolutionNode = FALSE
	EndGlobalSection
	GlobalSection(ExtensibilityGlobals) = postSolution
		SolutionGuid = {424B7952-C8D6-42D2-B96D-8306BCCBA97F}
	EndGlobalSection
EndGlobal
